{
  "name": "Facetick_teacher",
  "version": "1.0.0",
  "lockfileVersion": 1,
  "requires": true,
  "dependencies": {
    "@vant/weapp": {
      "version": "1.10.2",
      "resolved": "https://registry.npmjs.org/@vant/weapp/-/weapp-1.10.2.tgz",
      "integrity": "sha512-caqA0xQxM4lMRncFsRPPVMDdEzUBCJ4xdFXuKReXpEU3qwnVIP/WIjVDIi7mWyS7xqz8C9WfSW5JL4PrlSq31w=="
    },
    "dayjs": {
      "version": "1.10.8",
      "resolved": "https://registry.npmjs.org/dayjs/-/dayjs-1.10.8.tgz",
      "integrity": "sha512-wbNwDfBHHur9UOzNUjeKUOJ0fCb0a52Wx0xInmQ7Y8FstyajiV1NmK1e00cxsr9YrE9r7yAChE0VvpuY5Rnlow=="
    },
    "miniprogram-api-promise": {
      "version": "1.0.4",
      "resolved": "https://registry.npmjs.org/miniprogram-api-promise/-/miniprogram-api-promise-1.0.4.tgz",
      "integrity": "sha512-lS2ukj03Ugy8IJUDmdssklLT4kjzyRtVYwErhyDZkzxtqcxaed2xldRgNrsikigeMUBR9gAs7wgnjSKPlyKIYg=="
    },
    "tdesign-miniprogram": {
      "version": "0.6.1",
      "resolved": "https://registry.npmjs.org/tdesign-miniprogram/-/tdesign-miniprogram-0.6.1.tgz",
      "integrity": "sha512-6CWRVERRJiWA3vbtcLlHVqoPr1y7UtkCCkv5fyTbjihDl4C6F/F1Wwdo13pFo8Jh6Q+l19oexyGrzMgUC04LqQ==",
      "requires": {
        "dayjs": "^1.10.7"
      }
    }
  }
}
